{
  "name": "vscode-svn",
  "version": "0.2.0",
  "lockfileVersion": 3,
  "requires": true,
  "packages": {
    "": {
      "name": "vscode-svn",
      "version": "0.2.0",
      "license": "MIT",
      "dependencies": {
        "@types/xmldom": "^0.1.34",
        "@xmldom/xmldom": "^0.9.8"
      },
      "devDependencies": {
        "@types/node": "^16.11.7",
        "@types/vscode": "^1.60.0",
        "typescript": "^4.5.5"
      },
      "engines": {
        "vscode": "^1.60.0"
      }
    },
    "node_modules/@types/node": {
      "version": "16.18.126",
      "resolved": "https://registry.npmjs.org/@types/node/-/node-16.18.126.tgz",
      "integrity": "sha512-OTcgaiwfGFBKacvfwuHzzn1KLxH/er8mluiy8/uM3sGXHaRe73RrSIj01jow9t4kJEW633Ov+cOexXeiApTyAw==",
      "dev": true,
      "license": "MIT"
    },
    "node_modules/@types/vscode": {
      "version": "1.97.0",
      "resolved": "https://registry.npmjs.org/@types/vscode/-/vscode-1.97.0.tgz",
      "integrity": "sha512-ueE73loeOTe7olaVyqP9mrRI54kVPJifUPjblZo9fYcv1CuVLPOEKEkqW0GkqPC454+nCEoigLWnC2Pp7prZ9w==",
      "dev": true,
      "license": "MIT"
    },
    "node_modules/@types/xmldom": {
      "version": "0.1.34",
      "resolved": "https://registry.npmjs.org/@types/xmldom/-/xmldom-0.1.34.tgz",
      "integrity": "sha512-7eZFfxI9XHYjJJuugddV6N5YNeXgQE1lArWOcd1eCOKWb/FGs5SIjacSYuEJuwhsGS3gy4RuZ5EUIcqYscuPDA==",
      "license": "MIT"
    },
    "node_modules/@xmldom/xmldom": {
      "version": "0.9.8",
      "resolved": "https://registry.npmjs.org/@xmldom/xmldom/-/xmldom-0.9.8.tgz",
      "integrity": "sha512-p96FSY54r+WJ50FIOsCOjyj/wavs8921hG5+kVMmZgKcvIKxMXHTrjNJvRgWa/zuX3B6t2lijLNFaOyuxUH+2A==",
      "license": "MIT",
      "engines": {
        "node": ">=14.6"
      }
    },
    "node_modules/typescript": {
      "version": "4.9.5",
      "resolved": "https://registry.npmjs.org/typescript/-/typescript-4.9.5.tgz",
      "integrity": "sha512-1FXk9E2Hm+QzZQ7z+McJiHL4NW1F2EzMu9Nq9i3zAaGqibafqYwCVU6WyWAuyQRRzOlxou8xZSyXLEN8oKj24g==",
      "dev": true,
      "license": "Apache-2.0",
      "bin": {
        "tsc": "bin/tsc",
        "tsserver": "bin/tsserver"
      },
      "engines": {
        "node": ">=4.2.0"
      }
    }
  }
}
